{
    "_meta": {
        "hash": {
            "sha256": "2eedbd19b3e6c936afcaa94c92a41d7d033ee444b563311e31610def89f16909"
        },
        "host-environment-markers": {
            "implementation_name": "cpython",
            "implementation_version": "3.5.1",
            "os_name": "posix",
            "platform_machine": "x86_64",
            "platform_python_implementation": "CPython",
            "platform_release": "3.16.0-4-amd64",
            "platform_system": "Linux",
            "platform_version": "#1 SMP Debian 3.16.43-2+deb8u2 (2017-06-26)",
            "python_full_version": "3.5.1",
            "python_version": "3.5",
            "sys_platform": "linux"
        },
        "pipfile-spec": 6,
        "requires": {
            "python_version": "3.5"
        },
        "sources": [
            {
                "name": "pypi",
                "url": "https://pypi.python.org/simple",
                "verify_ssl": true
            }
        ]
    },
    "default": {
        "fancycompleter": {
            "hashes": [
                "sha256:d2522f1f3512371f295379c4c0d1962de06762eb586c199620a2a5d423539b12"
            ],
            "version": "==0.8"
        },
        "pdbpp": {
            "hashes": [
                "sha256:dde77326e4ea41439c243ed065826d53539530eeabd1b6615aae15cfbb9fda05"
            ],
            "version": "==0.9.2"
        },
        "pygments": {
            "hashes": [
                "sha256:78f3f434bcc5d6ee09020f92ba487f95ba50f1e3ef83ae96b9d5ffa1bab25c5d",
                "sha256:dbae1046def0efb574852fab9e90209b23f556367b5a320c0bcb871c77c3e8cc"
            ],
            "version": "==2.2.0"
        },
        "wmctrl": {
            "hashes": [
                "sha256:d806f65ac1554366b6e31d29d7be2e8893996c0acbb2824bbf2b1f49cf628a13"
            ],
            "version": "==0.3"
        }
    },
    "develop": {}
}
